
Microsoft Visual Studio Solution File, Format Version 12.00
# Visual Studio Version 17
VisualStudioVersion = 17.0.31903.59
MinimumVisualStudioVersion = 10.0.40219.1
Project("{FAE04EC0-301F-11D3-BF4B-00C04F79EFBC}") = "Tyuiu.KomarovNA.Sprint5.Task0.V28.Lib", "Tyuiu.KomarovNA.Sprint5.Task0.V28.Lib\Tyuiu.KomarovNA.Sprint5.Task0.V28.Lib.csproj", "{7731AAE9-5A02-4213-8DD8-C6F298933FC2}"
EndProject
Project("{FAE04EC0-301F-11D3-BF4B-00C04F79EFBC}") = "Tyuiu.KomarovNA.Sprint5.Task0.V28", "Tyuiu.KomarovNA.Sprint5.Task0.V28\Tyuiu.KomarovNA.Sprint5.Task0.V28.csproj", "{60932657-CC95-4DF5-80DF-DAD9375471FC}"
EndProject
Project("{FAE04EC0-301F-11D3-BF4B-00C04F79EFBC}") = "Tyuiu.KomarovNA.Sprint5.Task0.V28.Test", "Tyuiu.KomarovNA.Sprint5.Task0.V28.Test\Tyuiu.KomarovNA.Sprint5.Task0.V28.Test.csproj", "{3BA2BA2F-BE36-4DF9-AE48-01E8834C7997}"
EndProject
Project("{FAE04EC0-301F-11D3-BF4B-00C04F79EFBC}") = "Tyuiu.KomarovNA.Sprint5.Task1.V3.Lib", "Tyuiu.KomarovNA.Sprint5.Task1.V3.Lib\Tyuiu.KomarovNA.Sprint5.Task1.V3.Lib.csproj", "{D21D1ED9-910C-4665-BB62-2077BDF8DCC4}"
EndProject
Project("{FAE04EC0-301F-11D3-BF4B-00C04F79EFBC}") = "Tyuiu.KomarovNA.Sprint5.Task1.V3", "Tyuiu.KomarovNA.Sprint5.Task1.V3\Tyuiu.KomarovNA.Sprint5.Task1.V3.csproj", "{212D94CC-28F3-4DD3-8407-25E455A37960}"
EndProject
Project("{FAE04EC0-301F-11D3-BF4B-00C04F79EFBC}") = "Tyuiu.KomarovNA.Sprint5.Task1.V3.Test", "Tyuiu.KomarovNA.Sprint5.Task1.V3.Test\Tyuiu.KomarovNA.Sprint5.Task1.V3.Test.csproj", "{2C23EFE2-5A89-4193-84D0-C27E56BAB579}"
EndProject
Global
	GlobalSection(SolutionConfigurationPlatforms) = preSolution
		Debug|Any CPU = Debug|Any CPU
		Release|Any CPU = Release|Any CPU
	EndGlobalSection
	GlobalSection(SolutionProperties) = preSolution
		HideSolutionNode = FALSE
	EndGlobalSection
	GlobalSection(ProjectConfigurationPlatforms) = postSolution
		{7731AAE9-5A02-4213-8DD8-C6F298933FC2}.Debug|Any CPU.ActiveCfg = Debug|Any CPU
		{7731AAE9-5A02-4213-8DD8-C6F298933FC2}.Debug|Any CPU.Build.0 = Debug|Any CPU
		{7731AAE9-5A02-4213-8DD8-C6F298933FC2}.Release|Any CPU.ActiveCfg = Release|Any CPU
		{7731AAE9-5A02-4213-8DD8-C6F298933FC2}.Release|Any CPU.Build.0 = Release|Any CPU
		{60932657-CC95-4DF5-80DF-DAD9375471FC}.Debug|Any CPU.ActiveCfg = Debug|Any CPU
		{60932657-CC95-4DF5-80DF-DAD9375471FC}.Debug|Any CPU.Build.0 = Debug|Any CPU
		{60932657-CC95-4DF5-80DF-DAD9375471FC}.Release|Any CPU.ActiveCfg = Release|Any CPU
		{60932657-CC95-4DF5-80DF-DAD9375471FC}.Release|Any CPU.Build.0 = Release|Any CPU
		{3BA2BA2F-BE36-4DF9-AE48-01E8834C7997}.Debug|Any CPU.ActiveCfg = Debug|Any CPU
		{3BA2BA2F-BE36-4DF9-AE48-01E8834C7997}.Debug|Any CPU.Build.0 = Debug|Any CPU
		{3BA2BA2F-BE36-4DF9-AE48-01E8834C7997}.Release|Any CPU.ActiveCfg = Release|Any CPU
		{3BA2BA2F-BE36-4DF9-AE48-01E8834C7997}.Release|Any CPU.Build.0 = Release|Any CPU
		{D21D1ED9-910C-4665-BB62-2077BDF8DCC4}.Debug|Any CPU.ActiveCfg = Debug|Any CPU
		{D21D1ED9-910C-4665-BB62-2077BDF8DCC4}.Debug|Any CPU.Build.0 = Debug|Any CPU
		{D21D1ED9-910C-4665-BB62-2077BDF8DCC4}.Release|Any CPU.ActiveCfg = Release|Any CPU
		{D21D1ED9-910C-4665-BB62-2077BDF8DCC4}.Release|Any CPU.Build.0 = Release|Any CPU
		{212D94CC-28F3-4DD3-8407-25E455A37960}.Debug|Any CPU.ActiveCfg = Debug|Any CPU
		{212D94CC-28F3-4DD3-8407-25E455A37960}.Debug|Any CPU.Build.0 = Debug|Any CPU
		{212D94CC-28F3-4DD3-8407-25E455A37960}.Release|Any CPU.ActiveCfg = Release|Any CPU
		{212D94CC-28F3-4DD3-8407-25E455A37960}.Release|Any CPU.Build.0 = Release|Any CPU
		{2C23EFE2-5A89-4193-84D0-C27E56BAB579}.Debug|Any CPU.ActiveCfg = Debug|Any CPU
		{2C23EFE2-5A89-4193-84D0-C27E56BAB579}.Debug|Any CPU.Build.0 = Debug|Any CPU
		{2C23EFE2-5A89-4193-84D0-C27E56BAB579}.Release|Any CPU.ActiveCfg = Release|Any CPU
		{2C23EFE2-5A89-4193-84D0-C27E56BAB579}.Release|Any CPU.Build.0 = Release|Any CPU
	EndGlobalSection
EndGlobal
